
Microsoft Visual Studio Solution File, Format Version 12.00
# Visual Studio Version 16
VisualStudioVersion = 16.0.31205.134
MinimumVisualStudioVersion = 10.0.40219.1
Project("{9A19103F-16F7-4668-BE54-9A1E7A4F7556}") = "Alura_CS_pt3", "Alura_CS_pt3.csproj", "{11B2BDA0-248E-4025-B2FC-9D9DFDA13353}"
EndProject
Global
	GlobalSection(SolutionConfigurationPlatforms) = preSolution
		Debug|Any CPU = Debug|Any CPU
		Release|Any CPU = Release|Any CPU
	EndGlobalSection
	GlobalSection(ProjectConfigurationPlatforms) = postSolution
		{11B2BDA0-248E-4025-B2FC-9D9DFDA13353}.Debug|Any CPU.ActiveCfg = Debug|Any CPU
		{11B2BDA0-248E-4025-B2FC-9D9DFDA13353}.Debug|Any CPU.Build.0 = Debug|Any CPU
		{11B2BDA0-248E-4025-B2FC-9D9DFDA13353}.Release|Any CPU.ActiveCfg = Release|Any CPU
		{11B2BDA0-248E-4025-B2FC-9D9DFDA13353}.Release|Any CPU.Build.0 = Release|Any CPU
	EndGlobalSection
	GlobalSection(SolutionProperties) = preSolution
		HideSolutionNode = FALSE
	EndGlobalSection
	GlobalSection(ExtensibilityGlobals) = postSolution
		SolutionGuid = {AC93F8EF-0C58-4B9D-BAC5-6551E91781BB}
	EndGlobalSection
EndGlobal
